[[package]]
name = "aiofiles"
version = "23.1.0"
description = "File support for asyncio."
category = "main"
optional = false
python-versions = ">=3.7,<4.0"

[[package]]
name = "aiohttp"
version = "3.8.4"
description = "Async http client/server framework (asyncio)"
category = "main"
optional = false
python-versions = ">=3.6"

[package.dependencies]
aiosignal = ">=1.1.2"
async-timeout = ">=4.0.0a3,<5.0"
attrs = ">=17.3.0"
charset-normalizer = ">=2.0,<4.0"
frozenlist = ">=1.1.1"
multidict = ">=4.5,<7.0"
yarl = ">=1.0,<2.0"

[package.extras]
speedups = ["aiodns", "brotli", "cchardet"]

[[package]]
name = "aiohttp-socks"
version = "0.7.1"
description = "Proxy connector for aiohttp"
category = "main"
optional = false
python-versions = "*"

[package.dependencies]
aiohttp = ">=2.3.2"
attrs = ">=19.2.0"
python-socks = {version = ">=2.0.0,<3.0.0", extras = ["asyncio"]}

[[package]]
name = "aiosignal"
version = "1.3.1"
description = "aiosignal: a list of registered asynchronous callbacks"
category = "main"
optional = false
python-versions = ">=3.7"

[package.dependencies]
frozenlist = ">=1.1.0"

[[package]]
name = "anyio"
version = "3.6.2"
description = "High level compatibility layer for multiple asynchronous event loop implementations"
category = "main"
optional = false
python-versions = ">=3.6.2"

[package.dependencies]
idna = ">=2.8"
sniffio = ">=1.1"

[package.extras]
doc = ["packaging", "sphinx-rtd-theme", "sphinx-autodoc-typehints (>=1.2.0)"]
test = ["coverage[toml] (>=4.5)", "hypothesis (>=4.0)", "pytest (>=7.0)", "pytest-mock (>=3.6.1)", "trustme", "contextlib2", "uvloop (<0.15)", "mock (>=4)", "uvloop (>=0.15)"]
trio = ["trio (>=0.16,<0.22)"]

[[package]]
name = "appdirs"
version = "1.4.4"
description = "A small Python module for determining appropriate platform-specific dirs, e.g. a \"user data dir\"."
category = "main"
optional = false
python-versions = "*"

[[package]]
name = "asgiref"
version = "3.6.0"
description = "ASGI specs, helper code, and adapters"
category = "main"
optional = false
python-versions = ">=3.7"

[package.extras]
tests = ["pytest", "pytest-asyncio", "mypy (>=0.800)"]

[[package]]
name = "async-timeout"
version = "4.0.2"
description = "Timeout context manager for asyncio programs"
category = "main"
optional = false
python-versions = ">=3.6"

[[package]]
name = "atomicwrites"
version = "1.4.1"
description = "Atomic file writes."
category = "main"
optional = false
python-versions = ">=2.7, !=3.0.*, !=3.1.*, !=3.2.*, !=3.3.*"

[[package]]
name = "attrs"
version = "23.1.0"
description = "Classes Without Boilerplate"
category = "main"
optional = false
python-versions = ">=3.7"

[package.extras]
cov = ["attrs", "coverage[toml] (>=5.3)"]
dev = ["attrs", "pre-commit"]
docs = ["furo", "myst-parser", "sphinx", "sphinx-notfound-page", "sphinxcontrib-towncrier", "towncrier", "zope-interface"]
tests = ["attrs", "zope-interface"]
tests-no-zope = ["cloudpickle", "hypothesis", "mypy (>=1.1.1)", "pympler", "pytest-mypy-plugins", "pytest-xdist", "pytest (>=4.3.0)"]

[[package]]
name = "automat"
version = "22.10.0"
description = "Self-service finite-state machines for the programmer on the go."
category = "main"
optional = false
python-versions = "*"

[package.dependencies]
attrs = ">=19.2.0"
six = "*"

[package.extras]
visualize = ["graphviz (>0.5.1)", "Twisted (>=16.1.1)"]

[[package]]
name = "bandit"
version = "1.7.4"
description = "Security oriented static analyser for python code."
category = "dev"
optional = false
python-versions = ">=3.7"

[package.dependencies]
colorama = {version = ">=0.3.9", markers = "platform_system == \"Windows\""}
GitPython = ">=1.0.1"
PyYAML = ">=5.3.1"
stevedore = ">=1.20.0"

[package.extras]
test = ["coverage (>=4.5.4)", "fixtures (>=3.0.0)", "flake8 (>=4.0.0)", "stestr (>=2.5.0)", "testscenarios (>=0.5.0)", "testtools (>=2.3.0)", "toml", "beautifulsoup4 (>=4.8.0)", "pylint (==1.9.4)"]
toml = ["toml"]
yaml = ["pyyaml"]

[[package]]
name = "bcrypt"
version = "4.0.1"
description = "Modern password hashing for your software and your servers"
category = "main"
optional = false
python-versions = ">=3.6"

[package.extras]
tests = ["pytest (>=3.2.1,!=3.3.0)"]
typecheck = ["mypy"]

[[package]]
name = "beautifulsoup4"
version = "4.12.2"
description = "Screen-scraping library"
category = "main"
optional = false
python-versions = ">=3.6.0"

[package.dependencies]
soupsieve = ">1.2"

[package.extras]
html5lib = ["html5lib"]
lxml = ["lxml"]

[[package]]
name = "bleach"
version = "6.0.0"
description = "An easy safelist-based HTML-sanitizing tool."
category = "main"
optional = false
python-versions = ">=3.7"

[package.dependencies]
six = ">=1.9.0"
webencodings = "*"

[package.extras]
css = ["tinycss2 (>=1.1.0,<1.2)"]

[[package]]
name = "cachetools"
version = "4.2.4"
description = "Extensible memoizing collections and decorators"
category = "main"
optional = false
python-versions = "~=3.5"

[[package]]
name = "canonicaljson"
version = "1.6.5"
description = "Canonical JSON"
category = "main"
optional = false
python-versions = ">=3.7"

[package.dependencies]
simplejson = ">=3.14.0"

[package.extras]
frozendict = ["frozendict (>=1.0)"]

[[package]]
name = "certifi"
version = "2023.5.7"
description = "Python package for providing Mozilla's CA Bundle."
category = "main"
optional = false
python-versions = ">=3.6"

[[package]]
name = "cffi"
version = "1.15.1"
description = "Foreign Function Interface for Python calling C code."
category = "main"
optional = false
python-versions = "*"

[package.dependencies]
pycparser = "*"

[[package]]
name = "charset-normalizer"
version = "2.0.12"
description = "The Real First Universal Charset Detector. Open, modern and actively maintained alternative to Chardet."
category = "main"
optional = false
python-versions = ">=3.5.0"

[package.extras]
unicode_backport = ["unicodedata2"]

[[package]]
name = "click"
version = "8.1.3"
description = "Composable command line interface toolkit"
category = "main"
optional = false
python-versions = ">=3.7"

[package.dependencies]
colorama = {version = "*", markers = "platform_system == \"Windows\""}

[[package]]
name = "colorama"
version = "0.4.6"
description = "Cross-platform colored terminal text."
category = "main"
optional = false
python-versions = "!=3.0.*,!=3.1.*,!=3.2.*,!=3.3.*,!=3.4.*,!=3.5.*,!=3.6.*,>=2.7"

[[package]]
name = "commonmark"
version = "0.9.1"
description = "Python parser for the CommonMark Markdown spec"
category = "main"
optional = false
python-versions = "*"

[package.extras]
test = ["flake8 (==3.7.8)", "hypothesis (==3.55.3)"]

[[package]]
name = "constantly"
version = "15.1.0"
description = "Symbolic constants in Python"
category = "main"
optional = false
python-versions = "*"

[[package]]
name = "cryptography"
version = "40.0.2"
description = "cryptography is a package which provides cryptographic recipes and primitives to Python developers."
category = "main"
optional = false
python-versions = ">=3.6"

[package.dependencies]
cffi = ">=1.12"

[package.extras]
docs = ["sphinx (>=5.3.0)", "sphinx-rtd-theme (>=1.1.1)"]
docstest = ["pyenchant (>=1.6.11)", "twine (>=1.12.0)", "sphinxcontrib-spelling (>=4.0.1)"]
pep8test = ["black", "ruff", "mypy", "check-manifest"]
sdist = ["setuptools-rust (>=0.11.4)"]
ssh = ["bcrypt (>=3.1.5)"]
test = ["pytest (>=6.2.0)", "pytest-shard (>=0.1.2)", "pytest-benchmark", "pytest-cov", "pytest-subtests", "pytest-xdist", "pretend", "iso8601"]
test-randomorder = ["pytest-randomly"]
tox = ["tox"]

[[package]]
name = "django"
version = "4.0.10"
description = "A high-level Python web framework that encourages rapid development and clean, pragmatic design."
category = "main"
optional = false
python-versions = ">=3.8"

[package.dependencies]
asgiref = ">=3.4.1,<4"
sqlparse = ">=0.2.2"
tzdata = {version = "*", markers = "sys_platform == \"win32\""}

[package.extras]
argon2 = ["argon2-cffi (>=19.1.0)"]
bcrypt = ["bcrypt"]

[[package]]
name = "django-bootstrap-icons"
version = "0.7.9"
description = "A quick way to add Bootstrap Icons with Django template tags."
category = "main"
optional = false
python-versions = ">=3.6"

[package.dependencies]
django = "*"
requests = "*"

[[package]]
name = "django-bootstrap-v5"
version = "1.0.11"
description = "Bootstrap 5 support for Django projects"
category = "main"
optional = false
python-versions = ">=3.6,<4.0"

[package.dependencies]
beautifulsoup4 = ">=4.8.0,<5.0.0"
django = ">=2.2,<5.0"

[package.extras]
docs = ["sphinx (>=4.4,<5.0)", "sphinx_rtd_theme (>=1.0,<2.0)", "m2r2 (>=0.2.5,<0.3.0)"]

[[package]]
name = "django-constance"
version = "2.8.0"
description = "Django live settings with pluggable backends, including Redis."
category = "main"
optional = false
python-versions = ">=3.6"

[package.dependencies]
django-picklefield = {version = "*", optional = true, markers = "extra == \"database\""}

[package.extras]
database = ["django-picklefield"]
redis = ["redis"]

[[package]]
name = "django-environ"
version = "0.8.1"
description = "A package that allows you to utilize 12factor inspired environment variables to configure your Django application."
category = "main"
optional = false
python-versions = ">=3.4,<4"

[package.extras]
develop = ["coverage[toml] (>=5.0a4)", "pytest (>=4.6.11)", "furo (>=2021.8.17b43,<2021.9.0)", "sphinx (>=3.5.0)", "sphinx-notfound-page"]
docs = ["furo (>=2021.8.17b43,<2021.9.0)", "sphinx (>=3.5.0)", "sphinx-notfound-page"]
testing = ["coverage[toml] (>=5.0a4)", "pytest (>=4.6.11)"]

[[package]]
name = "django-ninja"
version = "0.17.0"
description = "Django Ninja - Fast Django REST framework"
category = "main"
optional = false
python-versions = ">=3.6"

[package.dependencies]
Django = ">=2.2"
pydantic = ">=1.6,<2.0.0"

[package.extras]
doc = ["mkdocs", "mkdocs-material", "markdown-include"]
test = ["pytest", "pytest-cov", "pytest-django", "pytest-asyncio", "black", "isort", "flake8", "mypy (==0.930)", "django-stubs"]

[[package]]
name = "django-picklefield"
version = "3.1"
description = "Pickled object field for Django"
category = "main"
optional = false
python-versions = ">=3"

[package.dependencies]
Django = ">=3.2"

[package.extras]
tests = ["tox"]

[[package]]
name = "django-sesame"
version = "2.4"
description = "Frictionless authentication with \"Magic Links\" for your Django project."
category = "main"
optional = false
python-versions = ">=3.6,<4.0"

[package.dependencies]
django = ">=2.2"

[package.extras]
ua = ["ua-parser (>=0.10)"]

[[package]]
name = "flake8"
version = "4.0.1"
description = "the modular source code checker: pep8 pyflakes and co"
category = "dev"
optional = false
python-versions = ">=3.6"

[package.dependencies]
mccabe = ">=0.6.0,<0.7.0"
pycodestyle = ">=2.8.0,<2.9.0"
pyflakes = ">=2.4.0,<2.5.0"

[[package]]
name = "frozendict"
version = "2.3.8"
description = "A simple immutable dictionary"
category = "main"
optional = false
python-versions = ">=3.6"

[[package]]
name = "frozenlist"
version = "1.3.3"
description = "A list-like structure which implements collections.abc.MutableSequence"
category = "main"
optional = false
python-versions = ">=3.7"

[[package]]
name = "future"
version = "0.18.3"
description = "Clean single-source support for Python 3 and 2"
category = "main"
optional = false
python-versions = ">=2.6, !=3.0.*, !=3.1.*, !=3.2.*"

[[package]]
name = "gitdb"
version = "4.0.10"
description = "Git Object Database"
category = "dev"
optional = false
python-versions = ">=3.7"

[package.dependencies]
smmap = ">=3.0.1,<6"

[[package]]
name = "gitpython"
version = "3.1.31"
description = "GitPython is a Python library used to interact with Git repositories"
category = "dev"
optional = false
python-versions = ">=3.7"

[package.dependencies]
gitdb = ">=4.0.1,<5"

[[package]]
name = "h11"
version = "0.14.0"
description = "A pure-Python, bring-your-own-I/O implementation of HTTP/1.1"
category = "main"
optional = false
python-versions = ">=3.7"

[[package]]
name = "h2"
version = "4.1.0"
description = "HTTP/2 State-Machine based protocol implementation"
category = "main"
optional = false
python-versions = ">=3.6.1"

[package.dependencies]
hpack = ">=4.0,<5"
hyperframe = ">=6.0,<7"

[[package]]
name = "hpack"
version = "4.0.0"
description = "Pure-Python HPACK header compression"
category = "main"
optional = false
python-versions = ">=3.6.1"

[[package]]
name = "httptools"
version = "0.5.0"
description = "A collection of framework independent HTTP protocol utils."
category = "main"
optional = false
python-versions = ">=3.5.0"

[package.extras]
test = ["Cython (>=0.29.24,<0.30.0)"]

[[package]]
name = "hyperframe"
version = "6.0.1"
description = "HTTP/2 framing layer for Python"
category = "main"
optional = false
python-versions = ">=3.6.1"

[[package]]
name = "hyperlink"
version = "21.0.0"
description = "A featureful, immutable, and correct URL for Python."
category = "main"
optional = false
python-versions = ">=2.6, !=3.0.*, !=3.1.*, !=3.2.*, !=3.3.*"

[package.dependencies]
idna = ">=2.5"

[[package]]
name = "idna"
version = "3.4"
description = "Internationalized Domain Names in Applications (IDNA)"
category = "main"
optional = false
python-versions = ">=3.5"

[[package]]
name = "ijson"
version = "3.2.0.post0"
description = "Iterative JSON parser with standard Python iterator interfaces"
category = "main"
optional = false
python-versions = "*"

[[package]]
name = "importlib-metadata"
version = "6.6.0"
description = "Read metadata from Python packages"
category = "main"
optional = false
python-versions = ">=3.7"

[package.dependencies]
zipp = ">=0.5"

[package.extras]
docs = ["sphinx (>=3.5)", "jaraco.packaging (>=9)", "rst.linker (>=1.9)", "furo", "sphinx-lint", "jaraco.tidelift (>=1.4)"]
perf = ["ipython"]
testing = ["pytest (>=6)", "pytest-checkdocs (>=2.4)", "flake8 (<5)", "pytest-cov", "pytest-enabler (>=1.3)", "packaging", "pyfakefs", "flufl.flake8", "pytest-perf (>=0.9.2)", "pytest-black (>=0.3.7)", "pytest-mypy (>=0.9.1)", "pytest-flake8", "importlib-resources (>=1.3)"]

[[package]]
name = "incremental"
version = "22.10.0"
description = "\"A small library that versions your Python projects.\""
category = "main"
optional = false
python-versions = "*"

[package.extras]
mypy = ["click (>=6.0)", "twisted (>=16.4.0)", "mypy (==0.812)"]
scripts = ["click (>=6.0)", "twisted (>=16.4.0)"]

[[package]]
name = "janus"
version = "1.0.0"
description = "Mixed sync-async queue to interoperate between asyncio tasks and classic threads"
category = "main"
optional = false
python-versions = ">=3.7"

[package.dependencies]
typing-extensions = ">=3.7.4.3"

[[package]]
name = "jaraco.classes"
version = "3.2.3"
description = "Utility functions for Python class constructs"
category = "main"
optional = false
python-versions = ">=3.7"

[package.dependencies]
more-itertools = "*"

[package.extras]
docs = ["sphinx (>=3.5)", "jaraco.packaging (>=9)", "rst.linker (>=1.9)", "jaraco.tidelift (>=1.4)"]
testing = ["pytest (>=6)", "pytest-checkdocs (>=2.4)", "pytest-flake8", "flake8 (<5)", "pytest-cov", "pytest-enabler (>=1.3)", "pytest-black (>=0.3.7)", "pytest-mypy (>=0.9.1)"]

[[package]]
name = "jeepney"
version = "0.8.0"
description = "Low-level, pure Python DBus protocol wrapper."
category = "main"
optional = false
python-versions = ">=3.7"

[package.extras]
test = ["pytest", "pytest-trio", "pytest-asyncio (>=0.17)", "testpath", "trio", "async-timeout"]
trio = ["trio", "async-generator"]

[[package]]
name = "jinja2"
version = "3.0.3"
description = "A very fast and expressive template engine."
category = "main"
optional = false
python-versions = ">=3.6"

[package.dependencies]
MarkupSafe = ">=2.0"

[package.extras]
i18n = ["Babel (>=2.7)"]

[[package]]
name = "jsonschema"
version = "4.17.3"
description = "An implementation of JSON Schema validation for Python"
category = "main"
optional = false
python-versions = ">=3.7"

[package.dependencies]
attrs = ">=17.4.0"
pyrsistent = ">=0.14.0,<0.17.0 || >0.17.0,<0.17.1 || >0.17.1,<0.17.2 || >0.17.2"

[package.extras]
format = ["fqdn", "idna", "isoduration", "jsonpointer (>1.13)", "rfc3339-validator", "rfc3987", "uri-template", "webcolors (>=1.11)"]
format-nongpl = ["fqdn", "idna", "isoduration", "jsonpointer (>1.13)", "rfc3339-validator", "rfc3986-validator (>0.1.0)", "uri-template", "webcolors (>=1.11)"]

[[package]]
name = "keyring"
version = "23.13.1"
description = "Store and access your passwords safely."
category = "main"
optional = false
python-versions = ">=3.7"

[package.dependencies]
importlib-metadata = {version = ">=4.11.4", markers = "python_version < \"3.12\""}
"jaraco.classes" = "*"
jeepney = {version = ">=0.4.2", markers = "sys_platform == \"linux\""}
pywin32-ctypes = {version = ">=0.2.0", markers = "sys_platform == \"win32\""}
SecretStorage = {version = ">=3.2", markers = "sys_platform == \"linux\""}

[package.extras]
completion = ["shtab"]
docs = ["sphinx (>=3.5)", "jaraco.packaging (>=9)", "rst.linker (>=1.9)", "furo", "jaraco.tidelift (>=1.4)"]
testing = ["pytest (>=6)", "pytest-checkdocs (>=2.4)", "flake8 (<5)", "pytest-cov", "pytest-enabler (>=1.3)", "pytest-black (>=0.3.7)", "pytest-mypy (>=0.9.1)", "pytest-flake8"]

[[package]]
name = "logbook"
version = "1.5.3"
description = "A logging replacement for Python"
category = "main"
optional = false
python-versions = "*"

[package.extras]
all = ["redis", "brotli", "pytest (>4.0)", "execnet (>=1.0.9)", "cython", "pyzmq", "pytest-cov (>=2.6)", "sqlalchemy", "jinja2"]
compression = ["brotli"]
dev = ["pytest-cov (>=2.6)", "pytest (>4.0)", "cython"]
execnet = ["execnet (>=1.0.9)"]
jinja = ["jinja2"]
redis = ["redis"]
sqlalchemy = ["sqlalchemy"]
test = ["pytest-cov (>=2.6)", "pytest (>4.0)"]
zmq = ["pyzmq"]

[[package]]
name = "markdown"
version = "3.3.7"
description = "Python implementation of Markdown."
category = "main"
optional = false
python-versions = ">=3.6"

[package.dependencies]
importlib-metadata = {version = ">=4.4", markers = "python_version < \"3.10\""}

[package.extras]
testing = ["coverage", "pyyaml"]

[[package]]
name = "markdown2"
version = "2.4.8"
description = "A fast and complete Python implementation of Markdown"
category = "main"
optional = false
python-versions = ">=3.5, <4"

[package.extras]
all = ["pygments (>=2.7.3)", "wavedrom"]
code_syntax_highlighting = ["pygments (>=2.7.3)"]
wavedrom = ["wavedrom"]

[[package]]
name = "markdownify"
version = "0.10.3"
description = "Convert HTML to markdown."
category = "main"
optional = false
python-versions = "*"

[package.dependencies]
beautifulsoup4 = ">=4.9,<5"
six = ">=1.15,<2"

[[package]]
name = "markupsafe"
version = "2.1.2"
description = "Safely add untrusted strings to HTML/XML markup."
category = "main"
optional = false
python-versions = ">=3.7"

[[package]]
name = "matrix-common"
version = "1.3.0"
description = "Common utilities for Synapse, Sydent and Sygnal"
category = "main"
optional = false
python-versions = ">=3.7"

[package.dependencies]
attrs = "*"

[package.extras]
dev = ["tox", "twisted", "aiounittest", "mypy (==0.910)", "black (==22.3.0)", "flake8 (==4.0.1)", "isort (==5.9.3)", "build (==0.8.0)", "twine (==4.0.1)"]
test = ["tox", "twisted", "aiounittest"]

[[package]]
name = "matrix-nio"
version = "0.20.2"
description = "A Python Matrix client library, designed according to sans I/O principles."
category = "main"
optional = false
python-versions = ">=3.7.0,<4.0.0"

[package.dependencies]
aiofiles = ">=23.1.0,<24.0.0"
aiohttp = ">=3.8.3,<4.0.0"
aiohttp-socks = ">=0.7.0,<0.8.0"
atomicwrites = {version = ">=1.4.0,<2.0.0", optional = true, markers = "extra == \"e2e\""}
cachetools = {version = ">=4.2.1,<5.0.0", optional = true, markers = "extra == \"e2e\""}
future = ">=0.18.2,<0.19.0"
h11 = ">=0.14.0,<0.15.0"
h2 = ">=4.0.0,<5.0.0"
jsonschema = ">=4.4.0,<5.0.0"
logbook = ">=1.5.3,<2.0.0"
peewee = {version = ">=3.14.4,<4.0.0", optional = true, markers = "extra == \"e2e\""}
pycryptodome = ">=3.10.1,<4.0.0"
python-olm = {version = ">=3.1.3,<4.0.0", optional = true, markers = "extra == \"e2e\""}
unpaddedbase64 = ">=2.1.0,<3.0.0"

[package.extras]
e2e = ["atomicwrites (>=1.4.0,<2.0.0)", "cachetools (>=4.2.1,<5.0.0)", "peewee (>=3.14.4,<4.0.0)", "python-olm (>=3.1.3,<4.0.0)"]

[[package]]
name = "matrix-synapse"
version = "1.75.0"
description = "Homeserver for the Matrix decentralised comms protocol"
category = "main"
optional = false
python-versions = ">=3.7.1,<4.0.0"

[package.dependencies]
attrs = ">=19.2.0,<21.1.0 || >21.1.0"
bcrypt = ">=3.1.7"
bleach = ">=1.4.3"
canonicaljson = ">=1.5.0,<2.0.0"
cryptography = ">=3.4.7"
frozendict = ">=1,<2.1.2 || >2.1.2"
ijson = ">=3.1.4"
Jinja2 = ">=3.0"
jsonschema = ">=3.0.0"
matrix-common = ">=1.3.0,<2.0.0"
msgpack = ">=0.5.2"
netaddr = ">=0.7.18"
packaging = ">=16.1"
phonenumbers = ">=8.2.0"
Pillow = ">=5.4.0"
prometheus-client = ">=0.4.0"
psycopg2 = {version = ">=2.8", optional = true, markers = "platform_python_implementation != \"PyPy\" and (extra == \"postgres\" or extra == \"all\")"}
psycopg2cffi = {version = ">=2.8", optional = true, markers = "platform_python_implementation == \"PyPy\" and (extra == \"postgres\" or extra == \"all\")"}
psycopg2cffi-compat = {version = "1.1", optional = true, markers = "platform_python_implementation == \"PyPy\" and (extra == \"postgres\" or extra == \"all\")"}
pyasn1 = ">=0.1.9"
pyasn1-modules = ">=0.0.7"
pydantic = ">=1.7.4"
pymacaroons = ">=0.13.0"
pyOpenSSL = ">=16.0.0"
PyYAML = ">=3.13"
service-identity = ">=18.1.0"
setuptools_rust = ">=1.3"
signedjson = ">=1.1.0,<2.0.0"
sortedcontainers = ">=1.5.2"
treq = ">=15.1"
Twisted = {version = ">=18.9.0", extras = ["tls"]}
typing-extensions = ">=3.10.0.1"
unpaddedbase64 = ">=2.1.0"

[package.extras]
cache-memory = ["pympler"]
all = ["pympler", "authlib (>=0.15.1)", "hiredis", "jaeger-client (>=4.0.0)", "lxml (>=4.2.0)", "matrix-synapse-ldap3 (>=0.1)", "opentracing (>=2.2.0)", "psycopg2 (>=2.8)", "psycopg2cffi (>=2.8)", "psycopg2cffi-compat (==1.1)", "pyicu (>=2.10.2)", "pysaml2 (>=4.5.0)", "sentry-sdk (>=0.7.2)", "txredisapi (>=1.4.7)"]
oidc = ["authlib (>=0.15.1)"]
jwt = ["authlib (>=0.15.1)"]
redis = ["hiredis", "txredisapi (>=1.4.7)"]
test = ["idna (>=2.5)", "parameterized (>=0.7.4)"]
opentracing = ["jaeger-client (>=4.0.0)", "opentracing (>=2.2.0)"]
url-preview = ["lxml (>=4.2.0)"]
matrix-synapse-ldap3 = ["matrix-synapse-ldap3 (>=0.1)"]
postgres = ["psycopg2 (>=2.8)", "psycopg2cffi (>=2.8)", "psycopg2cffi-compat (==1.1)"]
user-search = ["pyicu (>=2.10.2)"]
saml2 = ["pysaml2 (>=4.5.0)"]
sentry = ["sentry-sdk (>=0.7.2)"]
systemd = ["systemd-python (>=231)"]

[[package]]
name = "mautrix"
version = "0.16.11"
description = "A Python 3 asyncio Matrix framework."
category = "main"
optional = false
python-versions = "~=3.8"

[package.dependencies]
aiohttp = ">=3,<4"
attrs = ">=18.1.0"
yarl = ">=1.5,<2"

[package.extras]
detect_mimetype = ["python-magic (>=0.4.15,<0.5)"]
lint = ["black (==22.1.0)", "isort"]
test = ["aiosqlite", "asyncpg", "pytest", "pytest-asyncio", "sqlalchemy"]

[[package]]
name = "mccabe"
version = "0.6.1"
description = "McCabe checker, plugin for flake8"
category = "dev"
optional = false
python-versions = "*"

[[package]]
name = "more-itertools"
version = "9.1.0"
description = "More routines for operating on iterables, beyond itertools"
category = "main"
optional = false
python-versions = ">=3.7"

[[package]]
name = "msgpack"
version = "1.0.5"
description = "MessagePack serializer"
category = "main"
optional = false
python-versions = "*"

[[package]]
name = "multidict"
version = "6.0.4"
description = "multidict implementation"
category = "main"
optional = false
python-versions = ">=3.7"

[[package]]
name = "mypy"
version = "0.931"
description = "Optional static typing for Python"
category = "dev"
optional = false
python-versions = ">=3.6"

[package.dependencies]
mypy-extensions = ">=0.4.3"
tomli = ">=1.1.0"
typing-extensions = ">=3.10"

[package.extras]
dmypy = ["psutil (>=4.0)"]
python2 = ["typed-ast (>=1.4.0,<2)"]

[[package]]
name = "mypy-extensions"
version = "1.0.0"
description = "Type system extensions for programs checked with the mypy type checker."
category = "dev"
optional = false
python-versions = ">=3.5"

[[package]]
name = "netaddr"
version = "0.8.0"
description = "A network address manipulation library for Python"
category = "main"
optional = false
python-versions = "*"

[[package]]
name = "packaging"
version = "23.1"
description = "Core utilities for Python packages"
category = "main"
optional = false
python-versions = ">=3.7"

[[package]]
name = "pantalaimon"
version = "0.10.5"
description = "A Matrix proxy daemon that adds E2E encryption capabilities."
category = "main"
optional = false
python-versions = "*"

[package.dependencies]
aiohttp = ">=3.6,<4.0"
appdirs = ">=1.4.4"
attrs = ">=19.3.0"
cachetools = ">=3.0.0"
click = ">=7.1.2"
janus = ">=0.5"
keyring = ">=21.2.1"
logbook = ">=1.5.3"
matrix-nio = {version = ">=0.20,<0.21", extras = ["e2e"]}
peewee = ">=3.13.1"
prompt-toolkit = ">2,<4"

[package.extras]
ui = ["dbus-python (>=1.2,<1.3)", "PyGObject (>=3.36,<3.39)", "pydbus (>=0.6,<0.7)", "notify2 (>=0.3,<0.4)"]

[[package]]
name = "pbr"
version = "5.11.1"
description = "Python Build Reasonableness"
category = "dev"
optional = false
python-versions = ">=2.6"

[[package]]
name = "peewee"
version = "3.16.2"
description = "a little orm"
category = "main"
optional = false
python-versions = "*"

[[package]]
name = "phonenumbers"
version = "8.13.11"
description = "Python version of Google's common library for parsing, formatting, storing and validating international phone numbers."
category = "main"
optional = false
python-versions = "*"

[[package]]
name = "pillow"
version = "9.5.0"
description = "Python Imaging Library (Fork)"
category = "main"
optional = false
python-versions = ">=3.7"

[package.extras]
docs = ["furo", "olefile", "sphinx (>=2.4)", "sphinx-copybutton", "sphinx-inline-tabs", "sphinx-removed-in", "sphinxext-opengraph"]
tests = ["check-manifest", "coverage", "defusedxml", "markdown2", "olefile", "packaging", "pyroma", "pytest", "pytest-cov", "pytest-timeout"]

[[package]]
name = "prometheus-client"
version = "0.16.0"
description = "Python client for the Prometheus monitoring system."
category = "main"
optional = false
python-versions = ">=3.6"

[package.extras]
twisted = ["twisted"]

[[package]]
name = "prompt-toolkit"
version = "3.0.38"
description = "Library for building powerful interactive command lines in Python"
category = "main"
optional = false
python-versions = ">=3.7.0"

[package.dependencies]
wcwidth = "*"

[[package]]
name = "psycopg2"
version = "2.9.6"
description = "psycopg2 - Python-PostgreSQL Database Adapter"
category = "main"
optional = false
python-versions = ">=3.6"

[[package]]
name = "psycopg2-binary"
version = "2.9.6"
description = "psycopg2 - Python-PostgreSQL Database Adapter"
category = "main"
optional = false
python-versions = ">=3.6"

[[package]]
name = "psycopg2cffi"
version = "2.9.0"
description = ".. image:: https://travis-ci.org/chtd/psycopg2cffi.svg?branch=master"
category = "main"
optional = false
python-versions = "*"

[package.dependencies]
cffi = ">=1.0"
six = "*"

[[package]]
name = "psycopg2cffi-compat"
version = "1.1"
description = "A Simple library to enable psycopg2 compatability"
category = "main"
optional = false
python-versions = "*"

[package.dependencies]
psycopg2 = "*"

[[package]]
name = "pyasn1"
version = "0.5.0"
description = "Pure-Python implementation of ASN.1 types and DER/BER/CER codecs (X.208)"
category = "main"
optional = false
python-versions = "!=3.0.*,!=3.1.*,!=3.2.*,!=3.3.*,!=3.4.*,!=3.5.*,>=2.7"

[[package]]
name = "pyasn1-modules"
version = "0.3.0"
description = "A collection of ASN.1-based protocols modules"
category = "main"
optional = false
python-versions = "!=3.0.*,!=3.1.*,!=3.2.*,!=3.3.*,!=3.4.*,!=3.5.*,>=2.7"

[package.dependencies]
pyasn1 = ">=0.4.6,<0.6.0"

[[package]]
name = "pycodestyle"
version = "2.8.0"
description = "Python style guide checker"
category = "dev"
optional = false
python-versions = ">=2.7, !=3.0.*, !=3.1.*, !=3.2.*, !=3.3.*, !=3.4.*"

[[package]]
name = "pycparser"
version = "2.21"
description = "C parser in Python"
category = "main"
optional = false
python-versions = ">=2.7, !=3.0.*, !=3.1.*, !=3.2.*, !=3.3.*"

[[package]]
name = "pycryptodome"
version = "3.17"
description = "Cryptographic library for Python"
category = "main"
optional = false
python-versions = ">=2.7, !=3.0.*, !=3.1.*, !=3.2.*, !=3.3.*, !=3.4.*"

[[package]]
name = "pydantic"
version = "1.10.7"
description = "Data validation and settings management using python type hints"
category = "main"
optional = false
python-versions = ">=3.7"

[package.dependencies]
typing-extensions = ">=4.2.0"

[package.extras]
dotenv = ["python-dotenv (>=0.10.4)"]
email = ["email-validator (>=1.0.3)"]

[[package]]
name = "pyflakes"
version = "2.4.0"
description = "passive checker of Python programs"
category = "dev"
optional = false
python-versions = ">=2.7, !=3.0.*, !=3.1.*, !=3.2.*, !=3.3.*"

[[package]]
name = "pymacaroons"
version = "0.13.0"
description = "Macaroon library for Python"
category = "main"
optional = false
python-versions = "*"

[package.dependencies]
PyNaCl = ">=1.1.2,<2.0"
six = ">=1.8.0"

[[package]]
name = "pynacl"
version = "1.5.0"
description = "Python binding to the Networking and Cryptography (NaCl) library"
category = "main"
optional = false
python-versions = ">=3.6"

[package.dependencies]
cffi = ">=1.4.1"

[package.extras]
docs = ["sphinx (>=1.6.5)", "sphinx-rtd-theme"]
tests = ["pytest (>=3.2.1,!=3.3.0)", "hypothesis (>=3.27.0)"]

[[package]]
name = "pyopenssl"
version = "23.1.1"
description = "Python wrapper module around the OpenSSL library"
category = "main"
optional = false
python-versions = ">=3.6"

[package.dependencies]
cryptography = ">=38.0.0,<41"

[package.extras]
docs = ["sphinx (!=5.2.0,!=5.2.0.post0)", "sphinx-rtd-theme"]
test = ["flaky", "pretend", "pytest (>=3.0.1)"]

[[package]]
name = "pyrsistent"
version = "0.19.3"
description = "Persistent/Functional/Immutable data structures"
category = "main"
optional = false
python-versions = ">=3.7"

[[package]]
name = "python-dotenv"
version = "0.19.2"
description = "Read key-value pairs from a .env file and set them as environment variables"
category = "main"
optional = false
python-versions = ">=3.5"

[package.extras]
cli = ["click (>=5.0)"]

[[package]]
name = "python-olm"
version = "3.1.3"
description = "python CFFI bindings for the olm cryptographic ratchet library"
category = "main"
optional = false
python-versions = "*"

[package.dependencies]
cffi = ">=1.0.0"
future = "*"

[[package]]
name = "python-socks"
version = "2.3.0"
description = "Core proxy (SOCKS4, SOCKS5, HTTP tunneling) functionality for Python"
category = "main"
optional = false
python-versions = "*"

[package.dependencies]
async-timeout = {version = ">=3.0.1", optional = true, markers = "extra == \"asyncio\""}

[package.extras]
anyio = ["anyio (>=3.3.4)"]
asyncio = ["async-timeout (>=3.0.1)"]
curio = ["curio (>=1.4)"]
trio = ["trio (>=0.16.0)"]

[[package]]
name = "pywin32-ctypes"
version = "0.2.0"
description = ""
category = "main"
optional = false
python-versions = "*"

[[package]]
name = "pyyaml"
version = "6.0"
description = "YAML parser and emitter for Python"
category = "main"
optional = false
python-versions = ">=3.6"

[[package]]
name = "redis"
version = "4.4.4"
description = "Python client for Redis database and key-value store"
category = "main"
optional = false
python-versions = ">=3.7"

[package.dependencies]
async-timeout = ">=4.0.2"

[package.extras]
hiredis = ["hiredis (>=1.0.0)"]
ocsp = ["cryptography (>=36.0.1)", "pyopenssl (==20.0.1)", "requests (>=2.26.0)"]

[[package]]
name = "requests"
version = "2.27.1"
description = "Python HTTP for Humans."
category = "main"
optional = false
python-versions = ">=2.7, !=3.0.*, !=3.1.*, !=3.2.*, !=3.3.*, !=3.4.*, !=3.5.*"

[package.dependencies]
certifi = ">=2017.4.17"
charset-normalizer = {version = ">=2.0.0,<2.1.0", markers = "python_version >= \"3\""}
idna = {version = ">=2.5,<4", markers = "python_version >= \"3\""}
urllib3 = ">=1.21.1,<1.27"

[package.extras]
socks = ["PySocks (>=1.5.6,!=1.5.7)", "win-inet-pton"]
use_chardet_on_py3 = ["chardet (>=3.0.2,<5)"]

[[package]]
name = "secretstorage"
version = "3.3.3"
description = "Python bindings to FreeDesktop.org Secret Service API"
category = "main"
optional = false
python-versions = ">=3.6"

[package.dependencies]
cryptography = ">=2.0"
jeepney = ">=0.6"

[[package]]
name = "semantic-version"
version = "2.10.0"
description = "A library implementing the 'SemVer' scheme."
category = "main"
optional = false
python-versions = ">=2.7"

[package.extras]
dev = ["Django (>=1.11)", "nose2", "tox", "check-manifest", "coverage", "flake8", "wheel", "zest.releaser", "readme-renderer (<25.0)", "colorama (<=0.4.1)"]
doc = ["sphinx", "sphinx-rtd-theme"]

[[package]]
name = "service-identity"
version = "21.1.0"
description = "Service identity verification for pyOpenSSL & cryptography."
category = "main"
optional = false
python-versions = "*"

[package.dependencies]
attrs = ">=19.1.0"
cryptography = "*"
pyasn1 = "*"
pyasn1-modules = "*"
six = "*"

[package.extras]
dev = ["coverage[toml] (>=5.0.2)", "pytest", "sphinx", "furo", "idna", "pyopenssl"]
docs = ["sphinx", "furo"]
idna = ["idna"]
tests = ["coverage[toml] (>=5.0.2)", "pytest"]

[[package]]
name = "setuptools-rust"
version = "1.6.0"
description = "Setuptools Rust extension plugin"
category = "main"
optional = false
python-versions = ">=3.7"

[package.dependencies]
semantic-version = ">=2.8.2,<3"
typing-extensions = ">=3.7.4.3"

[[package]]
name = "signedjson"
version = "1.1.4"
description = "Sign JSON with Ed25519 signatures"
category = "main"
optional = false
python-versions = "*"

[package.dependencies]
canonicaljson = ">=1.0.0"
pynacl = ">=0.3.0"
unpaddedbase64 = ">=1.0.1"

[package.extras]
dev = ["typing-extensions (>=3.5)"]

[[package]]
name = "simplejson"
version = "3.19.1"
description = "Simple, fast, extensible JSON encoder/decoder for Python"
category = "main"
optional = false
python-versions = ">=2.5, !=3.0.*, !=3.1.*, !=3.2.*"

[[package]]
name = "six"
version = "1.16.0"
description = "Python 2 and 3 compatibility utilities"
category = "main"
optional = false
python-versions = ">=2.7, !=3.0.*, !=3.1.*, !=3.2.*"

[[package]]
name = "smmap"
version = "5.0.0"
description = "A pure Python implementation of a sliding window memory map manager"
category = "dev"
optional = false
python-versions = ">=3.6"

[[package]]
name = "sniffio"
version = "1.3.0"
description = "Sniff out which async library your code is running under"
category = "main"
optional = false
python-versions = ">=3.7"

[[package]]
name = "sortedcontainers"
version = "2.4.0"
description = "Sorted Containers -- Sorted List, Sorted Dict, Sorted Set"
category = "main"
optional = false
python-versions = "*"

[[package]]
name = "soupsieve"
version = "2.4.1"
description = "A modern CSS selector implementation for Beautiful Soup."
category = "main"
optional = false
python-versions = ">=3.7"

[[package]]
name = "sqlparse"
version = "0.4.4"
description = "A non-validating SQL parser."
category = "main"
optional = false
python-versions = ">=3.5"

[package.extras]
dev = ["flake8", "build"]
doc = ["sphinx"]
test = ["pytest", "pytest-cov"]

[[package]]
name = "stevedore"
version = "5.0.0"
description = "Manage dynamic plugins for Python applications"
category = "dev"
optional = false
python-versions = ">=3.8"

[package.dependencies]
pbr = ">=2.0.0,<2.1.0 || >2.1.0"

[[package]]
name = "tomli"
version = "2.0.1"
description = "A lil' TOML parser"
category = "dev"
optional = false
python-versions = ">=3.7"

[[package]]
name = "treq"
version = "22.2.0"
description = "High-level Twisted HTTP Client API"
category = "main"
optional = false
python-versions = ">=3.6"

[package.dependencies]
attrs = "*"
hyperlink = ">=21.0.0"
incremental = "*"
requests = ">=2.1.0"
Twisted = {version = ">=18.7.0", extras = ["tls"]}

[package.extras]
dev = ["pep8", "pyflakes", "httpbin (==0.5.0)"]
docs = ["sphinx (>=1.4.8)"]

[[package]]
name = "twisted"
version = "22.10.0"
description = "An asynchronous networking framework written in Python"
category = "main"
optional = false
python-versions = ">=3.7.1"

[package.dependencies]
attrs = ">=19.2.0"
Automat = ">=0.8.0"
constantly = ">=15.1"
hyperlink = ">=17.1.1"
idna = {version = ">=2.4", optional = true, markers = "extra == \"tls\""}
incremental = ">=21.3.0"
pyopenssl = {version = ">=21.0.0", optional = true, markers = "extra == \"tls\""}
service-identity = {version = ">=18.1.0", optional = true, markers = "extra == \"tls\""}
twisted-iocpsupport = {version = ">=1.0.2,<2", markers = "platform_system == \"Windows\""}
typing-extensions = ">=3.6.5"
"zope.interface" = ">=4.4.2"

[package.extras]
all_non_platform = ["cython-test-exception-raiser (>=1.0.2,<2)", "PyHamcrest (>=1.9.0)", "hypothesis (>=6.0,<7.0)", "pyopenssl (>=21.0.0)", "service-identity (>=18.1.0)", "idna (>=2.4)", "pyasn1", "cryptography (>=2.6)", "appdirs (>=1.4.0)", "bcrypt (>=3.0.0)", "pyserial (>=3.0)", "h2 (>=3.0,<5.0)", "priority (>=1.1.0,<2.0)", "pywin32 (!=226)", "contextvars (>=2.4,<3)"]
conch = ["pyasn1", "cryptography (>=2.6)", "appdirs (>=1.4.0)", "bcrypt (>=3.0.0)"]
conch_nacl = ["pyasn1", "cryptography (>=2.6)", "appdirs (>=1.4.0)", "bcrypt (>=3.0.0)", "pynacl"]
contextvars = ["contextvars (>=2.4,<3)"]
dev = ["towncrier (>=22.8,<23.0)", "pydoctor (>=22.9.0,<22.10.0)", "sphinx-rtd-theme (>=1.0,<2.0)", "readthedocs-sphinx-ext (>=2.1,<3.0)", "sphinx (>=5.0,<6)", "pyflakes (>=2.2,<3.0)", "twistedchecker (>=0.7,<1.0)", "coverage (>=6b1,<7)", "python-subunit (>=1.4,<2.0)"]
dev_release = ["towncrier (>=22.8,<23.0)", "pydoctor (>=22.9.0,<22.10.0)", "sphinx-rtd-theme (>=1.0,<2.0)", "readthedocs-sphinx-ext (>=2.1,<3.0)", "sphinx (>=5.0,<6)"]
gtk_platform = ["pygobject", "cython-test-exception-raiser (>=1.0.2,<2)", "PyHamcrest (>=1.9.0)", "hypothesis (>=6.0,<7.0)", "pyopenssl (>=21.0.0)", "service-identity (>=18.1.0)", "idna (>=2.4)", "pyasn1", "cryptography (>=2.6)", "appdirs (>=1.4.0)", "bcrypt (>=3.0.0)", "pyserial (>=3.0)", "h2 (>=3.0,<5.0)", "priority (>=1.1.0,<2.0)", "pywin32 (!=226)", "contextvars (>=2.4,<3)"]
http2 = ["h2 (>=3.0,<5.0)", "priority (>=1.1.0,<2.0)"]
macos_platform = ["pyobjc-core", "pyobjc-framework-cfnetwork", "pyobjc-framework-cocoa", "cython-test-exception-raiser (>=1.0.2,<2)", "PyHamcrest (>=1.9.0)", "hypothesis (>=6.0,<7.0)", "pyopenssl (>=21.0.0)", "service-identity (>=18.1.0)", "idna (>=2.4)", "pyasn1", "cryptography (>=2.6)", "appdirs (>=1.4.0)", "bcrypt (>=3.0.0)", "pyserial (>=3.0)", "h2 (>=3.0,<5.0)", "priority (>=1.1.0,<2.0)", "pywin32 (!=226)", "contextvars (>=2.4,<3)"]
mypy = ["mypy (==0.930)", "mypy-zope (==0.3.4)", "types-setuptools", "types-pyopenssl", "towncrier (>=22.8,<23.0)", "pydoctor (>=22.9.0,<22.10.0)", "sphinx-rtd-theme (>=1.0,<2.0)", "readthedocs-sphinx-ext (>=2.1,<3.0)", "sphinx (>=5.0,<6)", "pyflakes (>=2.2,<3.0)", "twistedchecker (>=0.7,<1.0)", "coverage (>=6b1,<7)", "cython-test-exception-raiser (>=1.0.2,<2)", "PyHamcrest (>=1.9.0)", "hypothesis (>=6.0,<7.0)", "pyopenssl (>=21.0.0)", "service-identity (>=18.1.0)", "idna (>=2.4)", "pyasn1", "cryptography (>=2.6)", "appdirs (>=1.4.0)", "bcrypt (>=3.0.0)", "pyserial (>=3.0)", "h2 (>=3.0,<5.0)", "priority (>=1.1.0,<2.0)", "pynacl", "pywin32 (!=226)", "python-subunit (>=1.4,<2.0)", "contextvars (>=2.4,<3)"]
osx_platform = ["pyobjc-core", "pyobjc-framework-cfnetwork", "pyobjc-framework-cocoa", "cython-test-exception-raiser (>=1.0.2,<2)", "PyHamcrest (>=1.9.0)", "hypothesis (>=6.0,<7.0)", "pyopenssl (>=21.0.0)", "service-identity (>=18.1.0)", "idna (>=2.4)", "pyasn1", "cryptography (>=2.6)", "appdirs (>=1.4.0)", "bcrypt (>=3.0.0)", "pyserial (>=3.0)", "h2 (>=3.0,<5.0)", "priority (>=1.1.0,<2.0)", "pywin32 (!=226)", "contextvars (>=2.4,<3)"]
serial = ["pyserial (>=3.0)", "pywin32 (!=226)"]
test = ["cython-test-exception-raiser (>=1.0.2,<2)", "PyHamcrest (>=1.9.0)", "hypothesis (>=6.0,<7.0)"]
tls = ["pyopenssl (>=21.0.0)", "service-identity (>=18.1.0)", "idna (>=2.4)"]
windows_platform = ["pywin32 (!=226)", "cython-test-exception-raiser (>=1.0.2,<2)", "PyHamcrest (>=1.9.0)", "hypothesis (>=6.0,<7.0)", "pyopenssl (>=21.0.0)", "service-identity (>=18.1.0)", "idna (>=2.4)", "pyasn1", "cryptography (>=2.6)", "appdirs (>=1.4.0)", "bcrypt (>=3.0.0)", "pyserial (>=3.0)", "h2 (>=3.0,<5.0)", "priority (>=1.1.0,<2.0)", "pywin32 (!=226)", "contextvars (>=2.4,<3)"]

[[package]]
name = "twisted-iocpsupport"
version = "1.0.3"
description = "An extension for use in the twisted I/O Completion Ports reactor."
category = "main"
optional = false
python-versions = "*"

[[package]]
name = "typing-extensions"
version = "4.5.0"
description = "Backported and Experimental Type Hints for Python 3.7+"
category = "main"
optional = false
python-versions = ">=3.7"

[[package]]
name = "tzdata"
version = "2023.3"
description = "Provider of IANA time zone data"
category = "main"
optional = false
python-versions = ">=2"

[[package]]
name = "unpaddedbase64"
version = "2.1.0"
description = "Encode and decode Base64 without \"=\" padding"
category = "main"
optional = false
python-versions = ">=3.6,<4.0"

[[package]]
name = "urllib3"
version = "1.26.15"
description = "HTTP library with thread-safe connection pooling, file post, and more."
category = "main"
optional = false
python-versions = ">=2.7, !=3.0.*, !=3.1.*, !=3.2.*, !=3.3.*, !=3.4.*, !=3.5.*"

[package.extras]
brotli = ["brotlicffi (>=0.8.0)", "brotli (>=1.0.9)", "brotlipy (>=0.6.0)"]
secure = ["pyOpenSSL (>=0.14)", "cryptography (>=1.3.4)", "idna (>=2.0.0)", "certifi", "urllib3-secure-extra", "ipaddress"]
socks = ["PySocks (>=1.5.6,!=1.5.7,<2.0)"]

[[package]]
name = "uvicorn"
version = "0.17.6"
description = "The lightning-fast ASGI server."
category = "main"
optional = false
python-versions = ">=3.7"

[package.dependencies]
asgiref = ">=3.4.0"
click = ">=7.0"
colorama = {version = ">=0.4", optional = true, markers = "sys_platform == \"win32\" and extra == \"standard\""}
h11 = ">=0.8"
httptools = {version = ">=0.4.0", optional = true, markers = "extra == \"standard\""}
python-dotenv = {version = ">=0.13", optional = true, markers = "extra == \"standard\""}
PyYAML = {version = ">=5.1", optional = true, markers = "extra == \"standard\""}
uvloop = {version = ">=0.14.0,<0.15.0 || >0.15.0,<0.15.1 || >0.15.1", optional = true, markers = "sys_platform != \"win32\" and sys_platform != \"cygwin\" and platform_python_implementation != \"PyPy\" and extra == \"standard\""}
watchgod = {version = ">=0.6", optional = true, markers = "extra == \"standard\""}
websockets = {version = ">=10.0", optional = true, markers = "extra == \"standard\""}

[package.extras]
standard = ["websockets (>=10.0)", "httptools (>=0.4.0)", "watchgod (>=0.6)", "python-dotenv (>=0.13)", "PyYAML (>=5.1)", "uvloop (>=0.14.0,!=0.15.0,!=0.15.1)", "colorama (>=0.4)"]

[[package]]
name = "uvloop"
version = "0.17.0"
description = "Fast implementation of asyncio event loop on top of libuv"
category = "main"
optional = false
python-versions = ">=3.7"

[package.extras]
dev = ["Cython (>=0.29.32,<0.30.0)", "pytest (>=3.6.0)", "Sphinx (>=4.1.2,<4.2.0)", "sphinxcontrib-asyncio (>=0.3.0,<0.4.0)", "sphinx-rtd-theme (>=0.5.2,<0.6.0)", "flake8 (>=3.9.2,<3.10.0)", "psutil", "pycodestyle (>=2.7.0,<2.8.0)", "pyOpenSSL (>=22.0.0,<22.1.0)", "mypy (>=0.800)", "aiohttp"]
docs = ["Sphinx (>=4.1.2,<4.2.0)", "sphinxcontrib-asyncio (>=0.3.0,<0.4.0)", "sphinx-rtd-theme (>=0.5.2,<0.6.0)"]
test = ["flake8 (>=3.9.2,<3.10.0)", "psutil", "pycodestyle (>=2.7.0,<2.8.0)", "pyOpenSSL (>=22.0.0,<22.1.0)", "mypy (>=0.800)", "Cython (>=0.29.32,<0.30.0)", "aiohttp"]

[[package]]
name = "watchgod"
version = "0.8.2"
description = "Simple, modern file watching and code reload in python."
category = "main"
optional = false
python-versions = ">=3.7"

[package.dependencies]
anyio = ">=3.0.0,<4"

[[package]]
name = "wcwidth"
version = "0.2.6"
description = "Measures the displayed width of unicode strings in a terminal"
category = "main"
optional = false
python-versions = "*"

[[package]]
name = "webencodings"
version = "0.5.1"
description = "Character encoding aliases for legacy web content"
category = "main"
optional = false
python-versions = "*"

[[package]]
name = "websockets"
version = "11.0.3"
description = "An implementation of the WebSocket Protocol (RFC 6455 & 7692)"
category = "main"
optional = false
python-versions = ">=3.7"

[[package]]
name = "yarl"
version = "1.9.2"
description = "Yet another URL library"
category = "main"
optional = false
python-versions = ">=3.7"

[package.dependencies]
idna = ">=2.0"
multidict = ">=4.0"

[[package]]
name = "zipp"
version = "3.15.0"
description = "Backport of pathlib-compatible object wrapper for zip files"
category = "main"
optional = false
python-versions = ">=3.7"

[package.extras]
docs = ["sphinx (>=3.5)", "jaraco.packaging (>=9)", "rst.linker (>=1.9)", "furo", "sphinx-lint", "jaraco.tidelift (>=1.4)"]
testing = ["pytest (>=6)", "pytest-checkdocs (>=2.4)", "flake8 (<5)", "pytest-cov", "pytest-enabler (>=1.3)", "jaraco.itertools", "jaraco.functools", "more-itertools", "big-o", "pytest-black (>=0.3.7)", "pytest-mypy (>=0.9.1)", "pytest-flake8"]

[[package]]
name = "zope.interface"
version = "6.0"
description = "Interfaces for Python"
category = "main"
optional = false
python-versions = ">=3.7"

[package.extras]
docs = ["sphinx", "repoze.sphinx.autointerface"]
test = ["coverage (>=5.0.3)", "zope.event", "zope.testing"]
testing = ["coverage (>=5.0.3)", "zope.event", "zope.testing"]

[metadata]
lock-version = "1.1"
python-versions = "~3.9"
content-hash = "4580ff5854412868ae0efb5be7316e0cb7f9fb1df9fa03be068f78d07e579764"

[metadata.files]
aiofiles = []
aiohttp = []
aiohttp-socks = []
aiosignal = []
anyio = []
appdirs = []
asgiref = []
async-timeout = []
atomicwrites = []
attrs = []
automat = []
bandit = []
bcrypt = []
beautifulsoup4 = []
bleach = []
cachetools = []
canonicaljson = []
certifi = []
cffi = []
charset-normalizer = []
click = []
colorama = []
commonmark = []
constantly = []
cryptography = []
django = []
django-bootstrap-icons = []
django-bootstrap-v5 = []
django-constance = []
django-environ = []
django-ninja = []
django-picklefield = []
django-sesame = []
flake8 = []
frozendict = []
frozenlist = []
future = []
gitdb = []
gitpython = []
h11 = []
h2 = []
hpack = []
httptools = []
hyperframe = []
hyperlink = []
idna = []
ijson = []
importlib-metadata = []
incremental = []
janus = []
"jaraco.classes" = []
jeepney = []
jinja2 = []
jsonschema = []
keyring = []
logbook = []
markdown = []
markdown2 = []
markdownify = []
markupsafe = []
matrix-common = []
matrix-nio = []
matrix-synapse = []
mautrix = []
mccabe = []
more-itertools = []
msgpack = []
multidict = []
mypy = []
mypy-extensions = []
netaddr = []
packaging = []
pantalaimon = []
pbr = []
peewee = []
phonenumbers = []
pillow = []
prometheus-client = []
prompt-toolkit = []
psycopg2 = []
psycopg2-binary = []
psycopg2cffi = []
psycopg2cffi-compat = []
pyasn1 = []
pyasn1-modules = []
pycodestyle = []
pycparser = []
pycryptodome = []
pydantic = []
pyflakes = []
pymacaroons = []
pynacl = []
pyopenssl = []
pyrsistent = []
python-dotenv = []
python-olm = []
python-socks = []
pywin32-ctypes = []
pyyaml = []
redis = []
requests = []
secretstorage = []
semantic-version = []
service-identity = []
setuptools-rust = []
signedjson = []
simplejson = []
six = []
smmap = []
sniffio = []
sortedcontainers = []
soupsieve = []
sqlparse = []
stevedore = []
tomli = []
treq = []
twisted = []
twisted-iocpsupport = []
typing-extensions = []
tzdata = []
unpaddedbase64 = []
urllib3 = []
uvicorn = []
uvloop = []
watchgod = []
wcwidth = []
webencodings = []
websockets = []
yarl = []
zipp = []
"zope.interface" = []
